
Microsoft Visual Studio Solution File, Format Version 12.00
# Visual Studio Version 17
VisualStudioVersion = 17.5.33627.172
MinimumVisualStudioVersion = 10.0.40219.1
Project("{FAE04EC0-301F-11D3-BF4B-00C04F79EFBC}") = "DERS50_NORTWİND_CRUD", "DERS50_NORTWİND_CRUD\DERS50_NORTWİND_CRUD.csproj", "{8A0A2F4C-585A-4F17-BF57-0BC164690B9F}"
EndProject
Global
	GlobalSection(SolutionConfigurationPlatforms) = preSolution
		Debug|Any CPU = Debug|Any CPU
		Release|Any CPU = Release|Any CPU
	EndGlobalSection
	GlobalSection(ProjectConfigurationPlatforms) = postSolution
		{8A0A2F4C-585A-4F17-BF57-0BC164690B9F}.Debug|Any CPU.ActiveCfg = Debug|Any CPU
		{8A0A2F4C-585A-4F17-BF57-0BC164690B9F}.Debug|Any CPU.Build.0 = Debug|Any CPU
		{8A0A2F4C-585A-4F17-BF57-0BC164690B9F}.Release|Any CPU.ActiveCfg = Release|Any CPU
		{8A0A2F4C-585A-4F17-BF57-0BC164690B9F}.Release|Any CPU.Build.0 = Release|Any CPU
	EndGlobalSection
	GlobalSection(SolutionProperties) = preSolution
		HideSolutionNode = FALSE
	EndGlobalSection
	GlobalSection(ExtensibilityGlobals) = postSolution
		SolutionGuid = {79FD347D-3578-45BD-A882-8D36DD0A2D5B}
	EndGlobalSection
EndGlobal
